// !$*UTF8*$!
{
	archiveVersion = 1;
	classes = {
	};
	objectVersion = 46;
	objects = {

/* Begin PBXBuildFile section */
		D90656CB1D3D963400F5B481 /* main.m in Sources */ = {isa = PBXBuildFile; fileRef = D90656CA1D3D963400F5B481 /* main.m */; };
		D90656CE1D3D963400F5B481 /* AppDelegate.m in Sources */ = {isa = PBXBuildFile; fileRef = D90656CD1D3D963400F5B481 /* AppDelegate.m */; };
		D90656D11D3D963400F5B481 /* ViewController.m in Sources */ = {isa = PBXBuildFile; fileRef = D90656D01D3D963400F5B481 /* ViewController.m */; };
		D90656D71D3D963400F5B481 /* Manager.xcdatamodeld in Sources */ = {isa = PBXBuildFile; fileRef = D90656D51D3D963400F5B481 /* Manager.xcdatamodeld */; };
		D90656D91D3D963400F5B481 /* Assets.xcassets in Resources */ = {isa = PBXBuildFile; fileRef = D90656D81D3D963400F5B481 /* Assets.xcassets */; };
		D90656DC1D3D963400F5B481 /* LaunchScreen.storyboard in Resources */ = {isa = PBXBuildFile; fileRef = D90656DA1D3D963400F5B481 /* LaunchScreen.storyboard */; };
		D906570B1D3D9CE700F5B481 /* Guest+CoreDataProperties.m in Sources */ = {isa = PBXBuildFile; fileRef = D90656FC1D3D9CE700F5B481 /* Guest+CoreDataProperties.m */; };
		D906570C1D3D9CE700F5B481 /* Guest.m in Sources */ = {isa = PBXBuildFile; fileRef = D90656FE1D3D9CE700F5B481 /* Guest.m */; };
		D906570D1D3D9CE700F5B481 /* Reservation+CoreDataProperties.m in Sources */ = {isa = PBXBuildFile; fileRef = D90657001D3D9CE700F5B481 /* Reservation+CoreDataProperties.m */; };
		D906570E1D3D9CE700F5B481 /* Reservation.m in Sources */ = {isa = PBXBuildFile; fileRef = D90657021D3D9CE700F5B481 /* Reservation.m */; };
		D906570F1D3D9CE700F5B481 /* Room+CoreDataProperties.m in Sources */ = {isa = PBXBuildFile; fileRef = D90657041D3D9CE700F5B481 /* Room+CoreDataProperties.m */; };
		D90657101D3D9CE700F5B481 /* Room.m in Sources */ = {isa = PBXBuildFile; fileRef = D90657061D3D9CE700F5B481 /* Room.m */; };
		D90657111D3D9CE700F5B481 /* Hotel+CoreDataProperties.m in Sources */ = {isa = PBXBuildFile; fileRef = D90657081D3D9CE700F5B481 /* Hotel+CoreDataProperties.m */; };
		D90657121D3D9CE700F5B481 /* Hotel.m in Sources */ = {isa = PBXBuildFile; fileRef = D906570A1D3D9CE700F5B481 /* Hotel.m */; };
		D90657191D3D9DD800F5B481 /* HotelsViewController.m in Sources */ = {isa = PBXBuildFile; fileRef = D90657181D3D9DD800F5B481 /* HotelsViewController.m */; };
		D906571C1D3D9DEC00F5B481 /* RoomsViewController.m in Sources */ = {isa = PBXBuildFile; fileRef = D906571B1D3D9DEC00F5B481 /* RoomsViewController.m */; };
		D906571E1D3D9FF600F5B481 /* hotels.json in Resources */ = {isa = PBXBuildFile; fileRef = D906571D1D3D9FF600F5B481 /* hotels.json */; };
		D90657201D3DA01E00F5B481 /* hotel.png in Resources */ = {isa = PBXBuildFile; fileRef = D906571F1D3DA01E00F5B481 /* hotel.png */; };
		D90657221D3DA02600F5B481 /* room.png in Resources */ = {isa = PBXBuildFile; fileRef = D90657211D3DA02600F5B481 /* room.png */; };
/* End PBXBuildFile section */

/* Begin PBXFileReference section */
		D90656C61D3D963400F5B481 /* Manager.app */ = {isa = PBXFileReference; explicitFileType = wrapper.application; includeInIndex = 0; path = Manager.app; sourceTree = BUILT_PRODUCTS_DIR; };
		D90656CA1D3D963400F5B481 /* main.m */ = {isa = PBXFileReference; lastKnownFileType = sourcecode.c.objc; path = main.m; sourceTree = "<group>"; };
		D90656CC1D3D963400F5B481 /* AppDelegate.h */ = {isa = PBXFileReference; lastKnownFileType = sourcecode.c.h; path = AppDelegate.h; sourceTree = "<group>"; };
		D90656CD1D3D963400F5B481 /* AppDelegate.m */ = {isa = PBXFileReference; lastKnownFileType = sourcecode.c.objc; path = AppDelegate.m; sourceTree = "<group>"; };
		D90656CF1D3D963400F5B481 /* ViewController.h */ = {isa = PBXFileReference; lastKnownFileType = sourcecode.c.h; path = ViewController.h; sourceTree = "<group>"; };
		D90656D01D3D963400F5B481 /* ViewController.m */ = {isa = PBXFileReference; lastKnownFileType = sourcecode.c.objc; path = ViewController.m; sourceTree = "<group>"; };
		D90656D61D3D963400F5B481 /* Manager.xcdatamodel */ = {isa = PBXFileReference; lastKnownFileType = wrapper.xcdatamodel; path = Manager.xcdatamodel; sourceTree = "<group>"; };
		D90656D81D3D963400F5B481 /* Assets.xcassets */ = {isa = PBXFileReference; lastKnownFileType = folder.assetcatalog; path = Assets.xcassets; sourceTree = "<group>"; };
		D90656DB1D3D963400F5B481 /* Base */ = {isa = PBXFileReference; lastKnownFileType = file.storyboard; name = Base; path = Base.lproj/LaunchScreen.storyboard; sourceTree = "<group>"; };
		D90656DD1D3D963400F5B481 /* Info.plist */ = {isa = PBXFileReference; lastKnownFileType = text.plist.xml; path = Info.plist; sourceTree = "<group>"; };
		D90656FB1D3D9CE700F5B481 /* Guest+CoreDataProperties.h */ = {isa = PBXFileReference; fileEncoding = 4; lastKnownFileType = sourcecode.c.h; name = "Guest+CoreDataProperties.h"; path = "Manager/Guest+CoreDataProperties.h"; sourceTree = "<group>"; };
		D90656FC1D3D9CE700F5B481 /* Guest+CoreDataProperties.m */ = {isa = PBXFileReference; fileEncoding = 4; lastKnownFileType = sourcecode.c.objc; name = "Guest+CoreDataProperties.m"; path = "Manager/Guest+CoreDataProperties.m"; sourceTree = "<group>"; };
		D90656FD1D3D9CE700F5B481 /* Guest.h */ = {isa = PBXFileReference; fileEncoding = 4; lastKnownFileType = sourcecode.c.h; name = Guest.h; path = Manager/Guest.h; sourceTree = "<group>"; };
		D90656FE1D3D9CE700F5B481 /* Guest.m */ = {isa = PBXFileReference; fileEncoding = 4; lastKnownFileType = sourcecode.c.objc; name = Guest.m; path = Manager/Guest.m; sourceTree = "<group>"; };
		D90656FF1D3D9CE700F5B481 /* Reservation+CoreDataProperties.h */ = {isa = PBXFileReference; fileEncoding = 4; lastKnownFileType = sourcecode.c.h; name = "Reservation+CoreDataProperties.h"; path = "Manager/Reservation+CoreDataProperties.h"; sourceTree = "<group>"; };
		D90657001D3D9CE700F5B481 /* Reservation+CoreDataProperties.m */ = {isa = PBXFileReference; fileEncoding = 4; lastKnownFileType = sourcecode.c.objc; name = "Reservation+CoreDataProperties.m"; path = "Manager/Reservation+CoreDataProperties.m"; sourceTree = "<group>"; };
		D90657011D3D9CE700F5B481 /* Reservation.h */ = {isa = PBXFileReference; fileEncoding = 4; lastKnownFileType = sourcecode.c.h; name = Reservation.h; path = Manager/Reservation.h; sourceTree = "<group>"; };
		D90657021D3D9CE700F5B481 /* Reservation.m */ = {isa = PBXFileReference; fileEncoding = 4; lastKnownFileType = sourcecode.c.objc; name = Reservation.m; path = Manager/Reservation.m; sourceTree = "<group>"; };
		D90657031D3D9CE700F5B481 /* Room+CoreDataProperties.h */ = {isa = PBXFileReference; fileEncoding = 4; lastKnownFileType = sourcecode.c.h; name = "Room+CoreDataProperties.h"; path = "Manager/Room+CoreDataProperties.h"; sourceTree = "<group>"; };
		D90657041D3D9CE700F5B481 /* Room+CoreDataProperties.m */ = {isa = PBXFileReference; fileEncoding = 4; lastKnownFileType = sourcecode.c.objc; name = "Room+CoreDataProperties.m"; path = "Manager/Room+CoreDataProperties.m"; sourceTree = "<group>"; };
		D90657051D3D9CE700F5B481 /* Room.h */ = {isa = PBXFileReference; fileEncoding = 4; lastKnownFileType = sourcecode.c.h; name = Room.h; path = Manager/Room.h; sourceTree = "<group>"; };
		D90657061D3D9CE700F5B481 /* Room.m */ = {isa = PBXFileReference; fileEncoding = 4; lastKnownFileType = sourcecode.c.objc; name = Room.m; path = Manager/Room.m; sourceTree = "<group>"; };
		D90657071D3D9CE700F5B481 /* Hotel+CoreDataProperties.h */ = {isa = PBXFileReference; fileEncoding = 4; lastKnownFileType = sourcecode.c.h; name = "Hotel+CoreDataProperties.h"; path = "Manager/Hotel+CoreDataProperties.h"; sourceTree = "<group>"; };
		D90657081D3D9CE700F5B481 /* Hotel+CoreDataProperties.m */ = {isa = PBXFileReference; fileEncoding = 4; lastKnownFileType = sourcecode.c.objc; name = "Hotel+CoreDataProperties.m"; path = "Manager/Hotel+CoreDataProperties.m"; sourceTree = "<group>"; };
		D90657091D3D9CE700F5B481 /* Hotel.h */ = {isa = PBXFileReference; fileEncoding = 4; lastKnownFileType = sourcecode.c.h; name = Hotel.h; path = Manager/Hotel.h; sourceTree = "<group>"; };
		D906570A1D3D9CE700F5B481 /* Hotel.m */ = {isa = PBXFileReference; fileEncoding = 4; lastKnownFileType = sourcecode.c.objc; name = Hotel.m; path = Manager/Hotel.m; sourceTree = "<group>"; };
		D90657171D3D9DD800F5B481 /* HotelsViewController.h */ = {isa = PBXFileReference; fileEncoding = 4; lastKnownFileType = sourcecode.c.h; path = HotelsViewController.h; sourceTree = "<group>"; };
		D90657181D3D9DD800F5B481 /* HotelsViewController.m */ = {isa = PBXFileReference; fileEncoding = 4; lastKnownFileType = sourcecode.c.objc; path = HotelsViewController.m; sourceTree = "<group>"; };
		D906571A1D3D9DEC00F5B481 /* RoomsViewController.h */ = {isa = PBXFileReference; fileEncoding = 4; lastKnownFileType = sourcecode.c.h; path = RoomsViewController.h; sourceTree = "<group>"; };
		D906571B1D3D9DEC00F5B481 /* RoomsViewController.m */ = {isa = PBXFileReference; fileEncoding = 4; lastKnownFileType = sourcecode.c.objc; path = RoomsViewController.m; sourceTree = "<group>"; };
		D906571D1D3D9FF600F5B481 /* hotels.json */ = {isa = PBXFileReference; fileEncoding = 4; lastKnownFileType = text.json; path = hotels.json; sourceTree = "<group>"; };
		D906571F1D3DA01E00F5B481 /* hotel.png */ = {isa = PBXFileReference; lastKnownFileType = image.png; name = hotel.png; path = ../../../../../../hotel.png; sourceTree = "<group>"; };
		D90657211D3DA02600F5B481 /* room.png */ = {isa = PBXFileReference; lastKnownFileType = image.png; name = room.png; path = ../../../../../../room.png; sourceTree = "<group>"; };
/* End PBXFileReference section */

/* Begin PBXFrameworksBuildPhase section */
		D90656C31D3D963400F5B481 /* Frameworks */ = {
			isa = PBXFrameworksBuildPhase;
			buildActionMask = 2147483647;
			files = (
			);
			runOnlyForDeploymentPostprocessing = 0;
		};
/* End PBXFrameworksBuildPhase section */

/* Begin PBXGroup section */
		D90656BD1D3D963400F5B481 = {
			isa = PBXGroup;
			children = (
				D90656C81D3D963400F5B481 /* Manager */,
				D90656C71D3D963400F5B481 /* Products */,
			);
			sourceTree = "<group>";
		};
		D90656C71D3D963400F5B481 /* Products */ = {
			isa = PBXGroup;
			children = (
				D90656C61D3D963400F5B481 /* Manager.app */,
			);
			name = Products;
			sourceTree = "<group>";
		};
		D90656C81D3D963400F5B481 /* Manager */ = {
			isa = PBXGroup;
			children = (
				D90657141D3D9D1D00F5B481 /* AppGlobal */,
				D90657151D3D9D3800F5B481 /* Controller */,
				D90657131D3D9D0100F5B481 /* Model */,
				D90657161D3D9D4500F5B481 /* View */,
				D90656C91D3D963400F5B481 /* Supporting Files */,
			);
			path = Manager;
			sourceTree = "<group>";
		};
		D90656C91D3D963400F5B481 /* Supporting Files */ = {
			isa = PBXGroup;
			children = (
				D90656CA1D3D963400F5B481 /* main.m */,
				D906571F1D3DA01E00F5B481 /* hotel.png */,
				D90657211D3DA02600F5B481 /* room.png */,
				D906571D1D3D9FF600F5B481 /* hotels.json */,
			);
			name = "Supporting Files";
			sourceTree = "<group>";
		};
		D90657131D3D9D0100F5B481 /* Model */ = {
			isa = PBXGroup;
			children = (
				D90656D51D3D963400F5B481 /* Manager.xcdatamodeld */,
				D90656FB1D3D9CE700F5B481 /* Guest+CoreDataProperties.h */,
				D90656FC1D3D9CE700F5B481 /* Guest+CoreDataProperties.m */,
				D90656FD1D3D9CE700F5B481 /* Guest.h */,
				D90656FE1D3D9CE700F5B481 /* Guest.m */,
				D90656FF1D3D9CE700F5B481 /* Reservation+CoreDataProperties.h */,
				D90657001D3D9CE700F5B481 /* Reservation+CoreDataProperties.m */,
				D90657011D3D9CE700F5B481 /* Reservation.h */,
				D90657021D3D9CE700F5B481 /* Reservation.m */,
				D90657031D3D9CE700F5B481 /* Room+CoreDataProperties.h */,
				D90657041D3D9CE700F5B481 /* Room+CoreDataProperties.m */,
				D90657051D3D9CE700F5B481 /* Room.h */,
				D90657061D3D9CE700F5B481 /* Room.m */,
				D90657071D3D9CE700F5B481 /* Hotel+CoreDataProperties.h */,
				D90657081D3D9CE700F5B481 /* Hotel+CoreDataProperties.m */,
				D90657091D3D9CE700F5B481 /* Hotel.h */,
				D906570A1D3D9CE700F5B481 /* Hotel.m */,
			);
			name = Model;
			path = ..;
			sourceTree = "<group>";
		};
		D90657141D3D9D1D00F5B481 /* AppGlobal */ = {
			isa = PBXGroup;
			children = (
				D90656CC1D3D963400F5B481 /* AppDelegate.h */,
				D90656CD1D3D963400F5B481 /* AppDelegate.m */,
				D90656DD1D3D963400F5B481 /* Info.plist */,
			);
			name = AppGlobal;
			sourceTree = "<group>";
		};
		D90657151D3D9D3800F5B481 /* Controller */ = {
			isa = PBXGroup;
			children = (
				D90657171D3D9DD800F5B481 /* HotelsViewController.h */,
				D90657181D3D9DD800F5B481 /* HotelsViewController.m */,
				D906571A1D3D9DEC00F5B481 /* RoomsViewController.h */,
				D906571B1D3D9DEC00F5B481 /* RoomsViewController.m */,
				D90656CF1D3D963400F5B481 /* ViewController.h */,
				D90656D01D3D963400F5B481 /* ViewController.m */,
			);
			name = Controller;
			sourceTree = "<group>";
		};
		D90657161D3D9D4500F5B481 /* View */ = {
			isa = PBXGroup;
			children = (
				D90656D81D3D963400F5B481 /* Assets.xcassets */,
				D90656DA1D3D963400F5B481 /* LaunchScreen.storyboard */,
			);
			name = View;
			sourceTree = "<group>";
		};
/* End PBXGroup section */

/* Begin PBXNativeTarget section */
		D90656C51D3D963400F5B481 /* Manager */ = {
			isa = PBXNativeTarget;
			buildConfigurationList = D90656E01D3D963400F5B481 /* Build configuration list for PBXNativeTarget "Manager" */;
			buildPhases = (
				D90656C21D3D963400F5B481 /* Sources */,
				D90656C31D3D963400F5B481 /* Frameworks */,
				D90656C41D3D963400F5B481 /* Resources */,
			);
			buildRules = (
			);
			dependencies = (
			);
			name = Manager;
			productName = Manager;
			productReference = D90656C61D3D963400F5B481 /* Manager.app */;
			productType = "com.apple.product-type.application";
		};
/* End PBXNativeTarget section */

/* Begin PBXProject section */
		D90656BE1D3D963400F5B481 /* Project object */ = {
			isa = PBXProject;
			attributes = {
				LastUpgradeCheck = 0730;
				ORGANIZATIONNAME = "Jess Malesh";
				TargetAttributes = {
					D90656C51D3D963400F5B481 = {
						CreatedOnToolsVersion = 7.3.1;
					};
				};
			};
			buildConfigurationList = D90656C11D3D963400F5B481 /* Build configuration list for PBXProject "Manager" */;
			compatibilityVersion = "Xcode 3.2";
			developmentRegion = English;
			hasScannedForEncodings = 0;
			knownRegions = (
				en,
				Base,
			);
			mainGroup = D90656BD1D3D963400F5B481;
			productRefGroup = D90656C71D3D963400F5B481 /* Products */;
			projectDirPath = "";
			projectRoot = "";
			targets = (
				D90656C51D3D963400F5B481 /* Manager */,
			);
		};
/* End PBXProject section */

/* Begin PBXResourcesBuildPhase section */
		D90656C41D3D963400F5B481 /* Resources */ = {
			isa = PBXResourcesBuildPhase;
			buildActionMask = 2147483647;
			files = (
				D90657201D3DA01E00F5B481 /* hotel.png in Resources */,
				D90657221D3DA02600F5B481 /* room.png in Resources */,
				D906571E1D3D9FF600F5B481 /* hotels.json in Resources */,
				D90656DC1D3D963400F5B481 /* LaunchScreen.storyboard in Resources */,
				D90656D91D3D963400F5B481 /* Assets.xcassets in Resources */,
			);
			runOnlyForDeploymentPostprocessing = 0;
		};
/* End PBXResourcesBuildPhase section */

/* Begin PBXSourcesBuildPhase section */
		D90656C21D3D963400F5B481 /* Sources */ = {
			isa = PBXSourcesBuildPhase;
			buildActionMask = 2147483647;
			files = (
				D90657101D3D9CE700F5B481 /* Room.m in Sources */,
				D90657191D3D9DD800F5B481 /* HotelsViewController.m in Sources */,
				D906570F1D3D9CE700F5B481 /* Room+CoreDataProperties.m in Sources */,
				D906570C1D3D9CE700F5B481 /* Guest.m in Sources */,
				D906570B1D3D9CE700F5B481 /* Guest+CoreDataProperties.m in Sources */,
				D906570E1D3D9CE700F5B481 /* Reservation.m in Sources */,
				D90657111D3D9CE700F5B481 /* Hotel+CoreDataProperties.m in Sources */,
				D90657121D3D9CE700F5B481 /* Hotel.m in Sources */,
				D90656D11D3D963400F5B481 /* ViewController.m in Sources */,
				D90656CE1D3D963400F5B481 /* AppDelegate.m in Sources */,
				D906570D1D3D9CE700F5B481 /* Reservation+CoreDataProperties.m in Sources */,
				D906571C1D3D9DEC00F5B481 /* RoomsViewController.m in Sources */,
				D90656CB1D3D963400F5B481 /* main.m in Sources */,
				D90656D71D3D963400F5B481 /* Manager.xcdatamodeld in Sources */,
			);
			runOnlyForDeploymentPostprocessing = 0;
		};
/* End PBXSourcesBuildPhase section */

/* Begin PBXVariantGroup section */
		D90656DA1D3D963400F5B481 /* LaunchScreen.storyboard */ = {
			isa = PBXVariantGroup;
			children = (
				D90656DB1D3D963400F5B481 /* Base */,
			);
			name = LaunchScreen.storyboard;
			sourceTree = "<group>";
		};
/* End PBXVariantGroup section */

/* Begin XCBuildConfiguration section */
		D90656DE1D3D963400F5B481 /* Debug */ = {
			isa = XCBuildConfiguration;
			buildSettings = {
				ALWAYS_SEARCH_USER_PATHS = NO;
				CLANG_ANALYZER_NONNULL = YES;
				CLANG_CXX_LANGUAGE_STANDARD = "gnu++0x";
				CLANG_CXX_LIBRARY = "libc++";
				CLANG_ENABLE_MODULES = YES;
				CLANG_ENABLE_OBJC_ARC = YES;
				CLANG_WARN_BOOL_CONVERSION = YES;
				CLANG_WARN_CONSTANT_CONVERSION = YES;
				CLANG_WARN_DIRECT_OBJC_ISA_USAGE = YES_ERROR;
				CLANG_WARN_EMPTY_BODY = YES;
				CLANG_WARN_ENUM_CONVERSION = YES;
				CLANG_WARN_INT_CONVERSION = YES;
				CLANG_WARN_OBJC_ROOT_CLASS = YES_ERROR;
				CLANG_WARN_UNREACHABLE_CODE = YES;
				CLANG_WARN__DUPLICATE_METHOD_MATCH = YES;
				"CODE_SIGN_IDENTITY[sdk=iphoneos*]" = "iPhone Developer";
				COPY_PHASE_STRIP = NO;
				DEBUG_INFORMATION_FORMAT = dwarf;
				ENABLE_STRICT_OBJC_MSGSEND = YES;
				ENABLE_TESTABILITY = YES;
				GCC_C_LANGUAGE_STANDARD = gnu99;
				GCC_DYNAMIC_NO_PIC = NO;
				GCC_NO_COMMON_BLOCKS = YES;
				GCC_OPTIMIZATION_LEVEL = 0;
				GCC_PREPROCESSOR_DEFINITIONS = (
					"DEBUG=1",
					"$(inherited)",
				);
				GCC_WARN_64_TO_32_BIT_CONVERSION = YES;
				GCC_WARN_ABOUT_RETURN_TYPE = YES_ERROR;
				GCC_WARN_UNDECLARED_SELECTOR = YES;
				GCC_WARN_UNINITIALIZED_AUTOS = YES_AGGRESSIVE;
				GCC_WARN_UNUSED_FUNCTION = YES;
				GCC_WARN_UNUSED_VARIABLE = YES;
				IPHONEOS_DEPLOYMENT_TARGET = 9.3;
				MTL_ENABLE_DEBUG_INFO = YES;
				ONLY_ACTIVE_ARCH = YES;
				SDKROOT = iphoneos;
				TARGETED_DEVICE_FAMILY = "1,2";
			};
			name = Debug;
		};
		D90656DF1D3D963400F5B481 /* Release */ = {
			isa = XCBuildConfiguration;
			buildSettings = {
				ALWAYS_SEARCH_USER_PATHS = NO;
				CLANG_ANALYZER_NONNULL = YES;
				CLANG_CXX_LANGUAGE_STANDARD = "gnu++0x";
				CLANG_CXX_LIBRARY = "libc++";
				CLANG_ENABLE_MODULES = YES;
				CLANG_ENABLE_OBJC_ARC = YES;
				CLANG_WARN_BOOL_CONVERSION = YES;
				CLANG_WARN_CONSTANT_CONVERSION = YES;
				CLANG_WARN_DIRECT_OBJC_ISA_USAGE = YES_ERROR;
				CLANG_WARN_EMPTY_BODY = YES;
				CLANG_WARN_ENUM_CONVERSION = YES;
				CLANG_WARN_INT_CONVERSION = YES;
				CLANG_WARN_OBJC_ROOT_CLASS = YES_ERROR;
				CLANG_WARN_UNREACHABLE_CODE = YES;
				CLANG_WARN__DUPLICATE_METHOD_MATCH = YES;
				"CODE_SIGN_IDENTITY[sdk=iphoneos*]" = "iPhone Developer";
				COPY_PHASE_STRIP = NO;
				DEBUG_INFORMATION_FORMAT = "dwarf-with-dsym";
				ENABLE_NS_ASSERTIONS = NO;
				ENABLE_STRICT_OBJC_MSGSEND = YES;
				GCC_C_LANGUAGE_STANDARD = gnu99;
				GCC_NO_COMMON_BLOCKS = YES;
				GCC_WARN_64_TO_32_BIT_CONVERSION = YES;
				GCC_WARN_ABOUT_RETURN_TYPE = YES_ERROR;
				GCC_WARN_UNDECLARED_SELECTOR = YES;
				GCC_WARN_UNINITIALIZED_AUTOS = YES_AGGRESSIVE;
				GCC_WARN_UNUSED_FUNCTION = YES;
				GCC_WARN_UNUSED_VARIABLE = YES;
				IPHONEOS_DEPLOYMENT_TARGET = 9.3;
				MTL_ENABLE_DEBUG_INFO = NO;
				SDKROOT = iphoneos;
				TARGETED_DEVICE_FAMILY = "1,2";
				VALIDATE_PRODUCT = YES;
			};
			name = Release;
		};
		D90656E11D3D963400F5B481 /* Debug */ = {
			isa = XCBuildConfiguration;
			buildSettings = {
				ASSETCATALOG_COMPILER_APPICON_NAME = AppIcon;
				INFOPLIST_FILE = Manager/Info.plist;
				IPHONEOS_DEPLOYMENT_TARGET = 9.0;
				LD_RUNPATH_SEARCH_PATHS = "$(inherited) @executable_path/Frameworks";
				PRODUCT_BUNDLE_IDENTIFIER = com.JessMalesh.Manager;
				PRODUCT_NAME = "$(TARGET_NAME)";
			};
			name = Debug;
		};
		D90656E21D3D963400F5B481 /* Release */ = {
			isa = XCBuildConfiguration;
			buildSettings = {
				ASSETCATALOG_COMPILER_APPICON_NAME = AppIcon;
				INFOPLIST_FILE = Manager/Info.plist;
				IPHONEOS_DEPLOYMENT_TARGET = 9.0;
				LD_RUNPATH_SEARCH_PATHS = "$(inherited) @executable_path/Frameworks";
				PRODUCT_BUNDLE_IDENTIFIER = com.JessMalesh.Manager;
				PRODUCT_NAME = "$(TARGET_NAME)";
			};
			name = Release;
		};
/* End XCBuildConfiguration section */

/* Begin XCConfigurationList section */
		D90656C11D3D963400F5B481 /* Build configuration list for PBXProject "Manager" */ = {
			isa = XCConfigurationList;
			buildConfigurations = (
				D90656DE1D3D963400F5B481 /* Debug */,
				D90656DF1D3D963400F5B481 /* Release */,
			);
			defaultConfigurationIsVisible = 0;
			defaultConfigurationName = Release;
		};
		D90656E01D3D963400F5B481 /* Build configuration list for PBXNativeTarget "Manager" */ = {
			isa = XCConfigurationList;
			buildConfigurations = (
				D90656E11D3D963400F5B481 /* Debug */,
				D90656E21D3D963400F5B481 /* Release */,
			);
			defaultConfigurationIsVisible = 0;
		};
/* End XCConfigurationList section */

/* Begin XCVersionGroup section */
		D90656D51D3D963400F5B481 /* Manager.xcdatamodeld */ = {
			isa = XCVersionGroup;
			children = (
				D90656D61D3D963400F5B481 /* Manager.xcdatamodel */,
			);
			currentVersion = D90656D61D3D963400F5B481 /* Manager.xcdatamodel */;
			name = Manager.xcdatamodeld;
			path = Manager/Manager.xcdatamodeld;
			sourceTree = "<group>";
			versionGroupType = wrapper.xcdatamodel;
		};
/* End XCVersionGroup section */
	};
	rootObject = D90656BE1D3D963400F5B481 /* Project object */;
}
